
Microsoft Visual Studio Solution File, Format Version 12.00
# Visual Studio Version 17
VisualStudioVersion = 17.0.31903.59
MinimumVisualStudioVersion = 10.0.40219.1
Project("{2150E333-8FDC-42A3-9474-1A3956D46DE8}") = "src", "src", "{68EDF8E0-F3BD-40AC-8D07-AF5F442295ED}"
EndProject
Project("{FAE04EC0-301F-11D3-BF4B-00C04F79EFBC}") = "AvasRoutingApp", "src\AvasRoutingApp\AvasRoutingApp.csproj", "{D5845632-7759-4059-BEC1-E7B408DA1B33}"
EndProject
Project("{2150E333-8FDC-42A3-9474-1A3956D46DE8}") = "tests", "tests", "{1B803CD7-A09F-43E6-AE02-71E66373377E}"
EndProject
Project("{FAE04EC0-301F-11D3-BF4B-00C04F79EFBC}") = "AvasRoutingApp.Tests", "tests\AvasRoutingApp.Tests\AvasRoutingApp.Tests.csproj", "{D2DC4737-1DE5-4A7F-A716-2041E62ED649}"
EndProject
Project("{FAE04EC0-301F-11D3-BF4B-00C04F79EFBC}") = "E2ETests", "tests\E2ETests\E2ETests.csproj", "{6A5C9D0A-C76D-4D51-8ECE-503CFA676822}"
EndProject
Project("{FAE04EC0-301F-11D3-BF4B-00C04F79EFBC}") = "AvasRoutingSetup", "src\AvasRoutingSetup\AvasRoutingSetup.csproj", "{D1A11E8A-6082-4ACC-B9C6-D2640F1CDCDC}"
EndProject
Global
	GlobalSection(SolutionConfigurationPlatforms) = preSolution
		Debug|Any CPU = Debug|Any CPU
		Release|Any CPU = Release|Any CPU
	EndGlobalSection
	GlobalSection(SolutionProperties) = preSolution
		HideSolutionNode = FALSE
	EndGlobalSection
	GlobalSection(ProjectConfigurationPlatforms) = postSolution
		{D5845632-7759-4059-BEC1-E7B408DA1B33}.Debug|Any CPU.ActiveCfg = Debug|Any CPU
		{D5845632-7759-4059-BEC1-E7B408DA1B33}.Debug|Any CPU.Build.0 = Debug|Any CPU
		{D5845632-7759-4059-BEC1-E7B408DA1B33}.Release|Any CPU.ActiveCfg = Release|Any CPU
		{D5845632-7759-4059-BEC1-E7B408DA1B33}.Release|Any CPU.Build.0 = Release|Any CPU
		{D2DC4737-1DE5-4A7F-A716-2041E62ED649}.Debug|Any CPU.ActiveCfg = Debug|Any CPU
		{D2DC4737-1DE5-4A7F-A716-2041E62ED649}.Debug|Any CPU.Build.0 = Debug|Any CPU
		{D2DC4737-1DE5-4A7F-A716-2041E62ED649}.Release|Any CPU.ActiveCfg = Release|Any CPU
		{D2DC4737-1DE5-4A7F-A716-2041E62ED649}.Release|Any CPU.Build.0 = Release|Any CPU
		{6A5C9D0A-C76D-4D51-8ECE-503CFA676822}.Debug|Any CPU.ActiveCfg = Debug|Any CPU
		{6A5C9D0A-C76D-4D51-8ECE-503CFA676822}.Debug|Any CPU.Build.0 = Debug|Any CPU
		{6A5C9D0A-C76D-4D51-8ECE-503CFA676822}.Release|Any CPU.ActiveCfg = Release|Any CPU
		{6A5C9D0A-C76D-4D51-8ECE-503CFA676822}.Release|Any CPU.Build.0 = Release|Any CPU
		{D1A11E8A-6082-4ACC-B9C6-D2640F1CDCDC}.Debug|Any CPU.ActiveCfg = Debug|Any CPU
		{D1A11E8A-6082-4ACC-B9C6-D2640F1CDCDC}.Debug|Any CPU.Build.0 = Debug|Any CPU
		{D1A11E8A-6082-4ACC-B9C6-D2640F1CDCDC}.Release|Any CPU.ActiveCfg = Release|Any CPU
		{D1A11E8A-6082-4ACC-B9C6-D2640F1CDCDC}.Release|Any CPU.Build.0 = Release|Any CPU
	EndGlobalSection
	GlobalSection(NestedProjects) = preSolution
		{D5845632-7759-4059-BEC1-E7B408DA1B33} = {68EDF8E0-F3BD-40AC-8D07-AF5F442295ED}
		{D2DC4737-1DE5-4A7F-A716-2041E62ED649} = {1B803CD7-A09F-43E6-AE02-71E66373377E}
		{6A5C9D0A-C76D-4D51-8ECE-503CFA676822} = {1B803CD7-A09F-43E6-AE02-71E66373377E}
		{D1A11E8A-6082-4ACC-B9C6-D2640F1CDCDC} = {68EDF8E0-F3BD-40AC-8D07-AF5F442295ED}
	EndGlobalSection
EndGlobal
